
Microsoft Visual Studio Solution File, Format Version 12.00
# Visual Studio Version 17
VisualStudioVersion = 17.9.34723.18
MinimumVisualStudioVersion = 10.0.40219.1
Project("{FAE04EC0-301F-11D3-BF4B-00C04F79EFBC}") = "API_AG_Burguer", "API_AG_Burguer.csproj", "{91B56352-9F9A-4C1B-B81B-3C2C63A975C6}"
EndProject
Global
	GlobalSection(SolutionConfigurationPlatforms) = preSolution
		Debug|Any CPU = Debug|Any CPU
		Release|Any CPU = Release|Any CPU
	EndGlobalSection
	GlobalSection(ProjectConfigurationPlatforms) = postSolution
		{91B56352-9F9A-4C1B-B81B-3C2C63A975C6}.Debug|Any CPU.ActiveCfg = Debug|Any CPU
		{91B56352-9F9A-4C1B-B81B-3C2C63A975C6}.Debug|Any CPU.Build.0 = Debug|Any CPU
		{91B56352-9F9A-4C1B-B81B-3C2C63A975C6}.Release|Any CPU.ActiveCfg = Release|Any CPU
		{91B56352-9F9A-4C1B-B81B-3C2C63A975C6}.Release|Any CPU.Build.0 = Release|Any CPU
	EndGlobalSection
	GlobalSection(SolutionProperties) = preSolution
		HideSolutionNode = FALSE
	EndGlobalSection
	GlobalSection(ExtensibilityGlobals) = postSolution
		SolutionGuid = {F189ACBE-E3A1-4E64-B360-9B5660954B0A}
	EndGlobalSection
EndGlobal
